
Microsoft Visual Studio Solution File, Format Version 12.00
# Visual Studio Version 17
VisualStudioVersion = 17.9.34714.143
MinimumVisualStudioVersion = 10.0.40219.1
Project("{FAE04EC0-301F-11D3-BF4B-00C04F79EFBC}") = "PainelDadosSAD", "PainelDadosSAD\PainelDadosSAD.csproj", "{57C71192-AD2B-480C-88BA-ADCA182D76C1}"
EndProject
Global
	GlobalSection(SolutionConfigurationPlatforms) = preSolution
		Debug|Any CPU = Debug|Any CPU
		Release|Any CPU = Release|Any CPU
	EndGlobalSection
	GlobalSection(ProjectConfigurationPlatforms) = postSolution
		{57C71192-AD2B-480C-88BA-ADCA182D76C1}.Debug|Any CPU.ActiveCfg = Debug|Any CPU
		{57C71192-AD2B-480C-88BA-ADCA182D76C1}.Debug|Any CPU.Build.0 = Debug|Any CPU
		{57C71192-AD2B-480C-88BA-ADCA182D76C1}.Release|Any CPU.ActiveCfg = Release|Any CPU
		{57C71192-AD2B-480C-88BA-ADCA182D76C1}.Release|Any CPU.Build.0 = Release|Any CPU
	EndGlobalSection
	GlobalSection(SolutionProperties) = preSolution
		HideSolutionNode = FALSE
	EndGlobalSection
	GlobalSection(ExtensibilityGlobals) = postSolution
		SolutionGuid = {CF40D5F0-DC41-4AD1-9177-FC64B810DC13}
	EndGlobalSection
EndGlobal
